
Microsoft Visual Studio Solution File, Format Version 12.00
# Visual Studio Version 17
VisualStudioVersion = 17.3.32929.385
MinimumVisualStudioVersion = 10.0.40219.1
Project("{2150E333-8FDC-42A3-9474-1A3956D46DE8}") = "数据层", "数据层", "{4C8CBF76-373C-4189-8530-BA7511517BDC}"
EndProject
Project("{2150E333-8FDC-42A3-9474-1A3956D46DE8}") = "调试winform", "调试winform", "{83E5DFF7-90A3-4F9C-B27D-74A771FDA5F6}"
EndProject
Project("{2150E333-8FDC-42A3-9474-1A3956D46DE8}") = "单元测试", "单元测试", "{36EC7304-5F17-467D-838D-64D3E2EF5973}"
EndProject
Project("{2150E333-8FDC-42A3-9474-1A3956D46DE8}") = "服务层", "服务层", "{E1FC9225-6B1C-4167-96D0-E46378732E8C}"
EndProject
Project("{FAE04EC0-301F-11D3-BF4B-00C04F79EFBC}") = "TaiDaPLCTest", "TaiDaPLCTest\TaiDaPLCTest.csproj", "{B4C39F62-05C8-4F30-BAA8-3C7F519611D4}"
EndProject
Project("{FAE04EC0-301F-11D3-BF4B-00C04F79EFBC}") = "GeLiService_WMS", "GeLi_Utils\GeLiService_WMS.csproj", "{02C76E7B-982E-4F8C-83BA-E6B072EB0003}"
EndProject
Project("{FAE04EC0-301F-11D3-BF4B-00C04F79EFBC}") = "GeLiData_WMS", "GeLiData_WMS\GeLiData_WMS.csproj", "{F64754B2-7CBD-4949-83DE-7B8B3CF02219}"
EndProject
Project("{FAE04EC0-301F-11D3-BF4B-00C04F79EFBC}") = "ApiTest", "ApiTest\ApiTest.csproj", "{D300C7DE-58A1-4DF3-BC97-C44257D2D435}"
EndProject
Project("{2150E333-8FDC-42A3-9474-1A3956D46DE8}") = "对外接口", "对外接口", "{C7A87867-9B2D-4978-BF5A-492450FA95C8}"
EndProject
Project("{FAE04EC0-301F-11D3-BF4B-00C04F79EFBC}") = "单元测试", "单元测试\单元测试.csproj", "{1A74F359-54A8-46CD-B663-D2D32CA38104}"
EndProject
Project("{FAE04EC0-301F-11D3-BF4B-00C04F79EFBC}") = "WebApi_WMS", "WebApi_WMS\WebApi_WMS.csproj", "{C6899CE4-26B4-4188-AA3D-742D1080B3B4}"
EndProject
Project("{2150E333-8FDC-42A3-9474-1A3956D46DE8}") = "FineUi页面", "FineUi页面", "{32AC184F-CDAC-4686-BAC0-589EC0C56D48}"
EndProject
Project("{FAE04EC0-301F-11D3-BF4B-00C04F79EFBC}") = "GeLiPage_WMS", "AppBoxPro\GeLiPage_WMS.csproj", "{632DC2E8-FB12-46CD-A97D-ED3D510E6B54}"
EndProject
Project("{2150E333-8FDC-42A3-9474-1A3956D46DE8}") = "后台服务", "后台服务", "{DB615F39-6AEF-4108-ACD0-E646910D5CDD}"
EndProject
Project("{FAE04EC0-301F-11D3-BF4B-00C04F79EFBC}") = "GeLiBackService", "GeLiBackService\GeLiBackService.csproj", "{83EF3C08-7D2A-41FA-BBC7-A97FFF6954FB}"
EndProject
Global
	GlobalSection(SolutionConfigurationPlatforms) = preSolution
		Debug|Any CPU = Debug|Any CPU
		Debug|x64 = Debug|x64
		Release|Any CPU = Release|Any CPU
		Release|x64 = Release|x64
	EndGlobalSection
	GlobalSection(ProjectConfigurationPlatforms) = postSolution
		{B4C39F62-05C8-4F30-BAA8-3C7F519611D4}.Debug|Any CPU.ActiveCfg = Debug|Any CPU
		{B4C39F62-05C8-4F30-BAA8-3C7F519611D4}.Debug|Any CPU.Build.0 = Debug|Any CPU
		{B4C39F62-05C8-4F30-BAA8-3C7F519611D4}.Debug|x64.ActiveCfg = Debug|Any CPU
		{B4C39F62-05C8-4F30-BAA8-3C7F519611D4}.Debug|x64.Build.0 = Debug|Any CPU
		{B4C39F62-05C8-4F30-BAA8-3C7F519611D4}.Release|Any CPU.ActiveCfg = Release|Any CPU
		{B4C39F62-05C8-4F30-BAA8-3C7F519611D4}.Release|Any CPU.Build.0 = Release|Any CPU
		{B4C39F62-05C8-4F30-BAA8-3C7F519611D4}.Release|x64.ActiveCfg = Release|Any CPU
		{B4C39F62-05C8-4F30-BAA8-3C7F519611D4}.Release|x64.Build.0 = Release|Any CPU
		{02C76E7B-982E-4F8C-83BA-E6B072EB0003}.Debug|Any CPU.ActiveCfg = Debug|Any CPU
		{02C76E7B-982E-4F8C-83BA-E6B072EB0003}.Debug|Any CPU.Build.0 = Debug|Any CPU
		{02C76E7B-982E-4F8C-83BA-E6B072EB0003}.Debug|x64.ActiveCfg = Debug|Any CPU
		{02C76E7B-982E-4F8C-83BA-E6B072EB0003}.Debug|x64.Build.0 = Debug|Any CPU
		{02C76E7B-982E-4F8C-83BA-E6B072EB0003}.Release|Any CPU.ActiveCfg = Release|Any CPU
		{02C76E7B-982E-4F8C-83BA-E6B072EB0003}.Release|Any CPU.Build.0 = Release|Any CPU
		{02C76E7B-982E-4F8C-83BA-E6B072EB0003}.Release|x64.ActiveCfg = Release|Any CPU
		{02C76E7B-982E-4F8C-83BA-E6B072EB0003}.Release|x64.Build.0 = Release|Any CPU
		{F64754B2-7CBD-4949-83DE-7B8B3CF02219}.Debug|Any CPU.ActiveCfg = Debug|Any CPU
		{F64754B2-7CBD-4949-83DE-7B8B3CF02219}.Debug|Any CPU.Build.0 = Debug|Any CPU
		{F64754B2-7CBD-4949-83DE-7B8B3CF02219}.Debug|x64.ActiveCfg = Debug|Any CPU
		{F64754B2-7CBD-4949-83DE-7B8B3CF02219}.Debug|x64.Build.0 = Debug|Any CPU
		{F64754B2-7CBD-4949-83DE-7B8B3CF02219}.Release|Any CPU.ActiveCfg = Release|Any CPU
		{F64754B2-7CBD-4949-83DE-7B8B3CF02219}.Release|Any CPU.Build.0 = Release|Any CPU
		{F64754B2-7CBD-4949-83DE-7B8B3CF02219}.Release|x64.ActiveCfg = Release|Any CPU
		{F64754B2-7CBD-4949-83DE-7B8B3CF02219}.Release|x64.Build.0 = Release|Any CPU
		{D300C7DE-58A1-4DF3-BC97-C44257D2D435}.Debug|Any CPU.ActiveCfg = Debug|Any CPU
		{D300C7DE-58A1-4DF3-BC97-C44257D2D435}.Debug|Any CPU.Build.0 = Debug|Any CPU
		{D300C7DE-58A1-4DF3-BC97-C44257D2D435}.Debug|x64.ActiveCfg = Debug|Any CPU
		{D300C7DE-58A1-4DF3-BC97-C44257D2D435}.Debug|x64.Build.0 = Debug|Any CPU
		{D300C7DE-58A1-4DF3-BC97-C44257D2D435}.Release|Any CPU.ActiveCfg = Release|Any CPU
		{D300C7DE-58A1-4DF3-BC97-C44257D2D435}.Release|Any CPU.Build.0 = Release|Any CPU
		{D300C7DE-58A1-4DF3-BC97-C44257D2D435}.Release|x64.ActiveCfg = Release|Any CPU
		{D300C7DE-58A1-4DF3-BC97-C44257D2D435}.Release|x64.Build.0 = Release|Any CPU
		{1A74F359-54A8-46CD-B663-D2D32CA38104}.Debug|Any CPU.ActiveCfg = Debug|Any CPU
		{1A74F359-54A8-46CD-B663-D2D32CA38104}.Debug|Any CPU.Build.0 = Debug|Any CPU
		{1A74F359-54A8-46CD-B663-D2D32CA38104}.Debug|x64.ActiveCfg = Debug|Any CPU
		{1A74F359-54A8-46CD-B663-D2D32CA38104}.Debug|x64.Build.0 = Debug|Any CPU
		{1A74F359-54A8-46CD-B663-D2D32CA38104}.Release|Any CPU.ActiveCfg = Release|Any CPU
		{1A74F359-54A8-46CD-B663-D2D32CA38104}.Release|Any CPU.Build.0 = Release|Any CPU
		{1A74F359-54A8-46CD-B663-D2D32CA38104}.Release|x64.ActiveCfg = Release|Any CPU
		{1A74F359-54A8-46CD-B663-D2D32CA38104}.Release|x64.Build.0 = Release|Any CPU
		{C6899CE4-26B4-4188-AA3D-742D1080B3B4}.Debug|Any CPU.ActiveCfg = Debug|Any CPU
		{C6899CE4-26B4-4188-AA3D-742D1080B3B4}.Debug|Any CPU.Build.0 = Debug|Any CPU
		{C6899CE4-26B4-4188-AA3D-742D1080B3B4}.Debug|x64.ActiveCfg = Debug|Any CPU
		{C6899CE4-26B4-4188-AA3D-742D1080B3B4}.Debug|x64.Build.0 = Debug|Any CPU
		{C6899CE4-26B4-4188-AA3D-742D1080B3B4}.Release|Any CPU.ActiveCfg = Release|Any CPU
		{C6899CE4-26B4-4188-AA3D-742D1080B3B4}.Release|Any CPU.Build.0 = Release|Any CPU
		{C6899CE4-26B4-4188-AA3D-742D1080B3B4}.Release|x64.ActiveCfg = Release|Any CPU
		{C6899CE4-26B4-4188-AA3D-742D1080B3B4}.Release|x64.Build.0 = Release|Any CPU
		{632DC2E8-FB12-46CD-A97D-ED3D510E6B54}.Debug|Any CPU.ActiveCfg = Debug|Any CPU
		{632DC2E8-FB12-46CD-A97D-ED3D510E6B54}.Debug|Any CPU.Build.0 = Debug|Any CPU
		{632DC2E8-FB12-46CD-A97D-ED3D510E6B54}.Debug|x64.ActiveCfg = Debug|Any CPU
		{632DC2E8-FB12-46CD-A97D-ED3D510E6B54}.Debug|x64.Build.0 = Debug|Any CPU
		{632DC2E8-FB12-46CD-A97D-ED3D510E6B54}.Release|Any CPU.ActiveCfg = Release|Any CPU
		{632DC2E8-FB12-46CD-A97D-ED3D510E6B54}.Release|Any CPU.Build.0 = Release|Any CPU
		{632DC2E8-FB12-46CD-A97D-ED3D510E6B54}.Release|x64.ActiveCfg = Release|Any CPU
		{632DC2E8-FB12-46CD-A97D-ED3D510E6B54}.Release|x64.Build.0 = Release|Any CPU
		{83EF3C08-7D2A-41FA-BBC7-A97FFF6954FB}.Debug|Any CPU.ActiveCfg = Debug|Any CPU
		{83EF3C08-7D2A-41FA-BBC7-A97FFF6954FB}.Debug|Any CPU.Build.0 = Debug|Any CPU
		{83EF3C08-7D2A-41FA-BBC7-A97FFF6954FB}.Debug|x64.ActiveCfg = Debug|x64
		{83EF3C08-7D2A-41FA-BBC7-A97FFF6954FB}.Debug|x64.Build.0 = Debug|x64
		{83EF3C08-7D2A-41FA-BBC7-A97FFF6954FB}.Release|Any CPU.ActiveCfg = Release|Any CPU
		{83EF3C08-7D2A-41FA-BBC7-A97FFF6954FB}.Release|Any CPU.Build.0 = Release|Any CPU
		{83EF3C08-7D2A-41FA-BBC7-A97FFF6954FB}.Release|x64.ActiveCfg = Release|x64
		{83EF3C08-7D2A-41FA-BBC7-A97FFF6954FB}.Release|x64.Build.0 = Release|x64
	EndGlobalSection
	GlobalSection(SolutionProperties) = preSolution
		HideSolutionNode = FALSE
	EndGlobalSection
	GlobalSection(NestedProjects) = preSolution
		{B4C39F62-05C8-4F30-BAA8-3C7F519611D4} = {83E5DFF7-90A3-4F9C-B27D-74A771FDA5F6}
		{02C76E7B-982E-4F8C-83BA-E6B072EB0003} = {E1FC9225-6B1C-4167-96D0-E46378732E8C}
		{F64754B2-7CBD-4949-83DE-7B8B3CF02219} = {4C8CBF76-373C-4189-8530-BA7511517BDC}
		{D300C7DE-58A1-4DF3-BC97-C44257D2D435} = {83E5DFF7-90A3-4F9C-B27D-74A771FDA5F6}
		{1A74F359-54A8-46CD-B663-D2D32CA38104} = {36EC7304-5F17-467D-838D-64D3E2EF5973}
		{C6899CE4-26B4-4188-AA3D-742D1080B3B4} = {C7A87867-9B2D-4978-BF5A-492450FA95C8}
		{632DC2E8-FB12-46CD-A97D-ED3D510E6B54} = {32AC184F-CDAC-4686-BAC0-589EC0C56D48}
		{83EF3C08-7D2A-41FA-BBC7-A97FFF6954FB} = {DB615F39-6AEF-4108-ACD0-E646910D5CDD}
	EndGlobalSection
	GlobalSection(ExtensibilityGlobals) = postSolution
		SolutionGuid = {04DA378E-8643-49AB-8D37-6F45A809C68E}
	EndGlobalSection
EndGlobal
